// !$*UTF8*$!
{
	archiveVersion = 1;
	classes = {
	};
	objectVersion = 50;
	objects = {

/* Begin PBXBuildFile section */
		CF8EA5C223E37DBE00770FEF /* AppDelegate.swift in Sources */ = {isa = PBXBuildFile; fileRef = CF8EA5C123E37DBE00770FEF /* AppDelegate.swift */; };
		CF8EA5C423E37DBE00770FEF /* ViewController.swift in Sources */ = {isa = PBXBuildFile; fileRef = CF8EA5C323E37DBE00770FEF /* ViewController.swift */; };
		CF8EA5C723E37DBE00770FEF /* Main.storyboard in Resources */ = {isa = PBXBuildFile; fileRef = CF8EA5C523E37DBE00770FEF /* Main.storyboard */; };
		CF8EA5C923E37DC000770FEF /* Assets.xcassets in Resources */ = {isa = PBXBuildFile; fileRef = CF8EA5C823E37DC000770FEF /* Assets.xcassets */; };
		CF8EA5CC23E37DC000770FEF /* LaunchScreen.storyboard in Resources */ = {isa = PBXBuildFile; fileRef = CF8EA5CA23E37DC000770FEF /* LaunchScreen.storyboard */; };
		CF8EA5D423E3A6E800770FEF /* NetworkCalls.swift in Sources */ = {isa = PBXBuildFile; fileRef = CF8EA5D323E3A6E800770FEF /* NetworkCalls.swift */; };
		CF8EA5D623E3A78C00770FEF /* APIDelegate.swift in Sources */ = {isa = PBXBuildFile; fileRef = CF8EA5D523E3A78C00770FEF /* APIDelegate.swift */; };
		CFE8855A23ED8999003F4A48 /* CustomButton.swift in Sources */ = {isa = PBXBuildFile; fileRef = CFE8855923ED8999003F4A48 /* CustomButton.swift */; };
/* End PBXBuildFile section */

/* Begin PBXFileReference section */
		CF8EA5BE23E37DBE00770FEF /* IPLights.app */ = {isa = PBXFileReference; explicitFileType = wrapper.application; includeInIndex = 0; path = IPLights.app; sourceTree = BUILT_PRODUCTS_DIR; };
		CF8EA5C123E37DBE00770FEF /* AppDelegate.swift */ = {isa = PBXFileReference; lastKnownFileType = sourcecode.swift; path = AppDelegate.swift; sourceTree = "<group>"; };
		CF8EA5C323E37DBE00770FEF /* ViewController.swift */ = {isa = PBXFileReference; lastKnownFileType = sourcecode.swift; path = ViewController.swift; sourceTree = "<group>"; };
		CF8EA5C623E37DBE00770FEF /* Base */ = {isa = PBXFileReference; lastKnownFileType = file.storyboard; name = Base; path = Base.lproj/Main.storyboard; sourceTree = "<group>"; };
		CF8EA5C823E37DC000770FEF /* Assets.xcassets */ = {isa = PBXFileReference; lastKnownFileType = folder.assetcatalog; path = Assets.xcassets; sourceTree = "<group>"; };
		CF8EA5CB23E37DC000770FEF /* Base */ = {isa = PBXFileReference; lastKnownFileType = file.storyboard; name = Base; path = Base.lproj/LaunchScreen.storyboard; sourceTree = "<group>"; };
		CF8EA5CD23E37DC000770FEF /* Info.plist */ = {isa = PBXFileReference; lastKnownFileType = text.plist.xml; path = Info.plist; sourceTree = "<group>"; };
		CF8EA5D323E3A6E800770FEF /* NetworkCalls.swift */ = {isa = PBXFileReference; lastKnownFileType = sourcecode.swift; name = NetworkCalls.swift; path = IPLights/NetworkCalls.swift; sourceTree = "<group>"; };
		CF8EA5D523E3A78C00770FEF /* APIDelegate.swift */ = {isa = PBXFileReference; lastKnownFileType = sourcecode.swift; path = APIDelegate.swift; sourceTree = "<group>"; };
		CFE8855923ED8999003F4A48 /* CustomButton.swift */ = {isa = PBXFileReference; lastKnownFileType = sourcecode.swift; path = CustomButton.swift; sourceTree = "<group>"; };
/* End PBXFileReference section */

/* Begin PBXFrameworksBuildPhase section */
		CF8EA5BB23E37DBE00770FEF /* Frameworks */ = {
			isa = PBXFrameworksBuildPhase;
			buildActionMask = 2147483647;
			files = (
			);
			runOnlyForDeploymentPostprocessing = 0;
		};
/* End PBXFrameworksBuildPhase section */

/* Begin PBXGroup section */
		CF8EA5B523E37DBE00770FEF = {
			isa = PBXGroup;
			children = (
				CFE8855923ED8999003F4A48 /* CustomButton.swift */,
				CF8EA5D523E3A78C00770FEF /* APIDelegate.swift */,
				CF8EA5D323E3A6E800770FEF /* NetworkCalls.swift */,
				CF8EA5C023E37DBE00770FEF /* IPLights */,
				CF8EA5BF23E37DBE00770FEF /* Products */,
			);
			sourceTree = "<group>";
		};
		CF8EA5BF23E37DBE00770FEF /* Products */ = {
			isa = PBXGroup;
			children = (
				CF8EA5BE23E37DBE00770FEF /* IPLights.app */,
			);
			name = Products;
			sourceTree = "<group>";
		};
		CF8EA5C023E37DBE00770FEF /* IPLights */ = {
			isa = PBXGroup;
			children = (
				CF8EA5C123E37DBE00770FEF /* AppDelegate.swift */,
				CF8EA5C323E37DBE00770FEF /* ViewController.swift */,
				CF8EA5C523E37DBE00770FEF /* Main.storyboard */,
				CF8EA5C823E37DC000770FEF /* Assets.xcassets */,
				CF8EA5CA23E37DC000770FEF /* LaunchScreen.storyboard */,
				CF8EA5CD23E37DC000770FEF /* Info.plist */,
			);
			path = IPLights;
			sourceTree = "<group>";
		};
/* End PBXGroup section */

/* Begin PBXNativeTarget section */
		CF8EA5BD23E37DBE00770FEF /* IPLights */ = {
			isa = PBXNativeTarget;
			buildConfigurationList = CF8EA5D023E37DC000770FEF /* Build configuration list for PBXNativeTarget "IPLights" */;
			buildPhases = (
				CF8EA5BA23E37DBE00770FEF /* Sources */,
				CF8EA5BB23E37DBE00770FEF /* Frameworks */,
				CF8EA5BC23E37DBE00770FEF /* Resources */,
			);
			buildRules = (
			);
			dependencies = (
			);
			name = IPLights;
			productName = IPLights;
			productReference = CF8EA5BE23E37DBE00770FEF /* IPLights.app */;
			productType = "com.apple.product-type.application";
		};
/* End PBXNativeTarget section */

/* Begin PBXProject section */
		CF8EA5B623E37DBE00770FEF /* Project object */ = {
			isa = PBXProject;
			attributes = {
				LastSwiftUpdateCheck = 1030;
				LastUpgradeCheck = 1030;
				ORGANIZATIONNAME = "Zeljko J";
				TargetAttributes = {
					CF8EA5BD23E37DBE00770FEF = {
						CreatedOnToolsVersion = 10.3;
					};
				};
			};
			buildConfigurationList = CF8EA5B923E37DBE00770FEF /* Build configuration list for PBXProject "IPLights" */;
			compatibilityVersion = "Xcode 9.3";
			developmentRegion = en;
			hasScannedForEncodings = 0;
			knownRegions = (
				en,
				Base,
			);
			mainGroup = CF8EA5B523E37DBE00770FEF;
			productRefGroup = CF8EA5BF23E37DBE00770FEF /* Products */;
			projectDirPath = "";
			projectRoot = "";
			targets = (
				CF8EA5BD23E37DBE00770FEF /* IPLights */,
			);
		};
/* End PBXProject section */

/* Begin PBXResourcesBuildPhase section */
		CF8EA5BC23E37DBE00770FEF /* Resources */ = {
			isa = PBXResourcesBuildPhase;
			buildActionMask = 2147483647;
			files = (
				CF8EA5CC23E37DC000770FEF /* LaunchScreen.storyboard in Resources */,
				CF8EA5C923E37DC000770FEF /* Assets.xcassets in Resources */,
				CF8EA5C723E37DBE00770FEF /* Main.storyboard in Resources */,
			);
			runOnlyForDeploymentPostprocessing = 0;
		};
/* End PBXResourcesBuildPhase section */

/* Begin PBXSourcesBuildPhase section */
		CF8EA5BA23E37DBE00770FEF /* Sources */ = {
			isa = PBXSourcesBuildPhase;
			buildActionMask = 2147483647;
			files = (
				CF8EA5C423E37DBE00770FEF /* ViewController.swift in Sources */,
				CF8EA5D623E3A78C00770FEF /* APIDelegate.swift in Sources */,
				CF8EA5C223E37DBE00770FEF /* AppDelegate.swift in Sources */,
				CF8EA5D423E3A6E800770FEF /* NetworkCalls.swift in Sources */,
				CFE8855A23ED8999003F4A48 /* CustomButton.swift in Sources */,
			);
			runOnlyForDeploymentPostprocessing = 0;
		};
/* End PBXSourcesBuildPhase section */

/* Begin PBXVariantGroup section */
		CF8EA5C523E37DBE00770FEF /* Main.storyboard */ = {
			isa = PBXVariantGroup;
			children = (
				CF8EA5C623E37DBE00770FEF /* Base */,
			);
			name = Main.storyboard;
			sourceTree = "<group>";
		};
		CF8EA5CA23E37DC000770FEF /* LaunchScreen.storyboard */ = {
			isa = PBXVariantGroup;
			children = (
				CF8EA5CB23E37DC000770FEF /* Base */,
			);
			name = LaunchScreen.storyboard;
			sourceTree = "<group>";
		};
/* End PBXVariantGroup section */

/* Begin XCBuildConfiguration section */
		CF8EA5CE23E37DC000770FEF /* Debug */ = {
			isa = XCBuildConfiguration;
			buildSettings = {
				ALWAYS_SEARCH_USER_PATHS = NO;
				CLANG_ANALYZER_NONNULL = YES;
				CLANG_ANALYZER_NUMBER_OBJECT_CONVERSION = YES_AGGRESSIVE;
				CLANG_CXX_LANGUAGE_STANDARD = "gnu++14";
				CLANG_CXX_LIBRARY = "libc++";
				CLANG_ENABLE_MODULES = YES;
				CLANG_ENABLE_OBJC_ARC = YES;
				CLANG_ENABLE_OBJC_WEAK = YES;
				CLANG_WARN_BLOCK_CAPTURE_AUTORELEASING = YES;
				CLANG_WARN_BOOL_CONVERSION = YES;
				CLANG_WARN_COMMA = YES;
				CLANG_WARN_CONSTANT_CONVERSION = YES;
				CLANG_WARN_DEPRECATED_OBJC_IMPLEMENTATIONS = YES;
				CLANG_WARN_DIRECT_OBJC_ISA_USAGE = YES_ERROR;
				CLANG_WARN_DOCUMENTATION_COMMENTS = YES;
				CLANG_WARN_EMPTY_BODY = YES;
				CLANG_WARN_ENUM_CONVERSION = YES;
				CLANG_WARN_INFINITE_RECURSION = YES;
				CLANG_WARN_INT_CONVERSION = YES;
				CLANG_WARN_NON_LITERAL_NULL_CONVERSION = YES;
				CLANG_WARN_OBJC_IMPLICIT_RETAIN_SELF = YES;
				CLANG_WARN_OBJC_LITERAL_CONVERSION = YES;
				CLANG_WARN_OBJC_ROOT_CLASS = YES_ERROR;
				CLANG_WARN_RANGE_LOOP_ANALYSIS = YES;
				CLANG_WARN_STRICT_PROTOTYPES = YES;
				CLANG_WARN_SUSPICIOUS_MOVE = YES;
				CLANG_WARN_UNGUARDED_AVAILABILITY = YES_AGGRESSIVE;
				CLANG_WARN_UNREACHABLE_CODE = YES;
				CLANG_WARN__DUPLICATE_METHOD_MATCH = YES;
				CODE_SIGN_IDENTITY = "iPhone Developer";
				COPY_PHASE_STRIP = NO;
				DEBUG_INFORMATION_FORMAT = dwarf;
				ENABLE_STRICT_OBJC_MSGSEND = YES;
				ENABLE_TESTABILITY = YES;
				GCC_C_LANGUAGE_STANDARD = gnu11;
				GCC_DYNAMIC_NO_PIC = NO;
				GCC_NO_COMMON_BLOCKS = YES;
				GCC_OPTIMIZATION_LEVEL = 0;
				GCC_PREPROCESSOR_DEFINITIONS = (
					"DEBUG=1",
					"$(inherited)",
				);
				GCC_WARN_64_TO_32_BIT_CONVERSION = YES;
				GCC_WARN_ABOUT_RETURN_TYPE = YES_ERROR;
				GCC_WARN_UNDECLARED_SELECTOR = YES;
				GCC_WARN_UNINITIALIZED_AUTOS = YES_AGGRESSIVE;
				GCC_WARN_UNUSED_FUNCTION = YES;
				GCC_WARN_UNUSED_VARIABLE = YES;
				IPHONEOS_DEPLOYMENT_TARGET = 12.4;
				MTL_ENABLE_DEBUG_INFO = INCLUDE_SOURCE;
				MTL_FAST_MATH = YES;
				ONLY_ACTIVE_ARCH = YES;
				SDKROOT = iphoneos;
				SWIFT_ACTIVE_COMPILATION_CONDITIONS = DEBUG;
				SWIFT_OPTIMIZATION_LEVEL = "-Onone";
			};
			name = Debug;
		};
		CF8EA5CF23E37DC000770FEF /* Release */ = {
			isa = XCBuildConfiguration;
			buildSettings = {
				ALWAYS_SEARCH_USER_PATHS = NO;
				CLANG_ANALYZER_NONNULL = YES;
				CLANG_ANALYZER_NUMBER_OBJECT_CONVERSION = YES_AGGRESSIVE;
				CLANG_CXX_LANGUAGE_STANDARD = "gnu++14";
				CLANG_CXX_LIBRARY = "libc++";
				CLANG_ENABLE_MODULES = YES;
				CLANG_ENABLE_OBJC_ARC = YES;
				CLANG_ENABLE_OBJC_WEAK = YES;
				CLANG_WARN_BLOCK_CAPTURE_AUTORELEASING = YES;
				CLANG_WARN_BOOL_CONVERSION = YES;
				CLANG_WARN_COMMA = YES;
				CLANG_WARN_CONSTANT_CONVERSION = YES;
				CLANG_WARN_DEPRECATED_OBJC_IMPLEMENTATIONS = YES;
				CLANG_WARN_DIRECT_OBJC_ISA_USAGE = YES_ERROR;
				CLANG_WARN_DOCUMENTATION_COMMENTS = YES;
				CLANG_WARN_EMPTY_BODY = YES;
				CLANG_WARN_ENUM_CONVERSION = YES;
				CLANG_WARN_INFINITE_RECURSION = YES;
				CLANG_WARN_INT_CONVERSION = YES;
				CLANG_WARN_NON_LITERAL_NULL_CONVERSION = YES;
				CLANG_WARN_OBJC_IMPLICIT_RETAIN_SELF = YES;
				CLANG_WARN_OBJC_LITERAL_CONVERSION = YES;
				CLANG_WARN_OBJC_ROOT_CLASS = YES_ERROR;
				CLANG_WARN_RANGE_LOOP_ANALYSIS = YES;
				CLANG_WARN_STRICT_PROTOTYPES = YES;
				CLANG_WARN_SUSPICIOUS_MOVE = YES;
				CLANG_WARN_UNGUARDED_AVAILABILITY = YES_AGGRESSIVE;
				CLANG_WARN_UNREACHABLE_CODE = YES;
				CLANG_WARN__DUPLICATE_METHOD_MATCH = YES;
				CODE_SIGN_IDENTITY = "iPhone Developer";
				COPY_PHASE_STRIP = NO;
				DEBUG_INFORMATION_FORMAT = "dwarf-with-dsym";
				ENABLE_NS_ASSERTIONS = NO;
				ENABLE_STRICT_OBJC_MSGSEND = YES;
				GCC_C_LANGUAGE_STANDARD = gnu11;
				GCC_NO_COMMON_BLOCKS = YES;
				GCC_WARN_64_TO_32_BIT_CONVERSION = YES;
				GCC_WARN_ABOUT_RETURN_TYPE = YES_ERROR;
				GCC_WARN_UNDECLARED_SELECTOR = YES;
				GCC_WARN_UNINITIALIZED_AUTOS = YES_AGGRESSIVE;
				GCC_WARN_UNUSED_FUNCTION = YES;
				GCC_WARN_UNUSED_VARIABLE = YES;
				IPHONEOS_DEPLOYMENT_TARGET = 12.4;
				MTL_ENABLE_DEBUG_INFO = NO;
				MTL_FAST_MATH = YES;
				SDKROOT = iphoneos;
				SWIFT_COMPILATION_MODE = wholemodule;
				SWIFT_OPTIMIZATION_LEVEL = "-O";
				VALIDATE_PRODUCT = YES;
			};
			name = Release;
		};
		CF8EA5D123E37DC000770FEF /* Debug */ = {
			isa = XCBuildConfiguration;
			buildSettings = {
				ASSETCATALOG_COMPILER_APPICON_NAME = AppIcon;
				CODE_SIGN_STYLE = Automatic;
				CURRENT_PROJECT_VERSION = 11;
				DEVELOPMENT_TEAM = 3X3MJ5UUWP;
				INFOPLIST_FILE = IPLights/Info.plist;
				LD_RUNPATH_SEARCH_PATHS = (
					"$(inherited)",
					"@executable_path/Frameworks",
				);
				PRODUCT_BUNDLE_IDENTIFIER = sk.actros;
				PRODUCT_NAME = "$(TARGET_NAME)";
				SWIFT_VERSION = 5.0;
				TARGETED_DEVICE_FAMILY = 1;
			};
			name = Debug;
		};
		CF8EA5D223E37DC000770FEF /* Release */ = {
			isa = XCBuildConfiguration;
			buildSettings = {
				ASSETCATALOG_COMPILER_APPICON_NAME = AppIcon;
				CODE_SIGN_STYLE = Automatic;
				CURRENT_PROJECT_VERSION = 11;
				DEVELOPMENT_TEAM = 3X3MJ5UUWP;
				INFOPLIST_FILE = IPLights/Info.plist;
				LD_RUNPATH_SEARCH_PATHS = (
					"$(inherited)",
					"@executable_path/Frameworks",
				);
				PRODUCT_BUNDLE_IDENTIFIER = sk.actros;
				PRODUCT_NAME = "$(TARGET_NAME)";
				SWIFT_VERSION = 5.0;
				TARGETED_DEVICE_FAMILY = 1;
			};
			name = Release;
		};
/* End XCBuildConfiguration section */

/* Begin XCConfigurationList section */
		CF8EA5B923E37DBE00770FEF /* Build configuration list for PBXProject "IPLights" */ = {
			isa = XCConfigurationList;
			buildConfigurations = (
				CF8EA5CE23E37DC000770FEF /* Debug */,
				CF8EA5CF23E37DC000770FEF /* Release */,
			);
			defaultConfigurationIsVisible = 0;
			defaultConfigurationName = Release;
		};
		CF8EA5D023E37DC000770FEF /* Build configuration list for PBXNativeTarget "IPLights" */ = {
			isa = XCConfigurationList;
			buildConfigurations = (
				CF8EA5D123E37DC000770FEF /* Debug */,
				CF8EA5D223E37DC000770FEF /* Release */,
			);
			defaultConfigurationIsVisible = 0;
			defaultConfigurationName = Release;
		};
/* End XCConfigurationList section */
	};
	rootObject = CF8EA5B623E37DBE00770FEF /* Project object */;
}
